
Microsoft Visual Studio Solution File, Format Version 12.00
# Visual Studio 15
VisualStudioVersion = 15.0.28307.757
MinimumVisualStudioVersion = 10.0.40219.1
Project("{FAE04EC0-301F-11D3-BF4B-00C04F79EFBC}") = "AutomatskiPDFMVC", "AutomatskiPDFMVC\AutomatskiPDFMVC.csproj", "{9FD7216E-E664-4B39-9E8F-C4C407BB3610}"
EndProject
Project("{FAE04EC0-301F-11D3-BF4B-00C04F79EFBC}") = "AutomatskiPDFWebApi", "AutomatskiPDFWebApi\AutomatskiPDFWebApi.csproj", "{BCEB9EA5-8BA3-4EA7-B7BC-785F376093C4}"
EndProject
Project("{FAE04EC0-301F-11D3-BF4B-00C04F79EFBC}") = "SlanjeMailConsole", "SlanjeMailConsole\SlanjeMailConsole.csproj", "{4EF92A2C-CA79-453D-9774-07AA51B94A42}"
EndProject
Project("{9A19103F-16F7-4668-BE54-9A1E7A4F7556}") = "VjezbaMailKit", "VjezbaMailKit\VjezbaMailKit.csproj", "{D6521AC9-692A-46FE-98EC-9E8EFA9568B9}"
EndProject
Project("{FAE04EC0-301F-11D3-BF4B-00C04F79EFBC}") = "VjezbaFreeSpire", "VjezbaFreeSpire\VjezbaFreeSpire.csproj", "{2259CF5D-192E-4CF1-8A8F-752F5B3788A9}"
EndProject
Global
	GlobalSection(SolutionConfigurationPlatforms) = preSolution
		Debug|Any CPU = Debug|Any CPU
		Release|Any CPU = Release|Any CPU
	EndGlobalSection
	GlobalSection(ProjectConfigurationPlatforms) = postSolution
		{9FD7216E-E664-4B39-9E8F-C4C407BB3610}.Debug|Any CPU.ActiveCfg = Debug|Any CPU
		{9FD7216E-E664-4B39-9E8F-C4C407BB3610}.Debug|Any CPU.Build.0 = Debug|Any CPU
		{9FD7216E-E664-4B39-9E8F-C4C407BB3610}.Release|Any CPU.ActiveCfg = Release|Any CPU
		{9FD7216E-E664-4B39-9E8F-C4C407BB3610}.Release|Any CPU.Build.0 = Release|Any CPU
		{BCEB9EA5-8BA3-4EA7-B7BC-785F376093C4}.Debug|Any CPU.ActiveCfg = Debug|Any CPU
		{BCEB9EA5-8BA3-4EA7-B7BC-785F376093C4}.Debug|Any CPU.Build.0 = Debug|Any CPU
		{BCEB9EA5-8BA3-4EA7-B7BC-785F376093C4}.Release|Any CPU.ActiveCfg = Release|Any CPU
		{BCEB9EA5-8BA3-4EA7-B7BC-785F376093C4}.Release|Any CPU.Build.0 = Release|Any CPU
		{4EF92A2C-CA79-453D-9774-07AA51B94A42}.Debug|Any CPU.ActiveCfg = Debug|Any CPU
		{4EF92A2C-CA79-453D-9774-07AA51B94A42}.Debug|Any CPU.Build.0 = Debug|Any CPU
		{4EF92A2C-CA79-453D-9774-07AA51B94A42}.Release|Any CPU.ActiveCfg = Release|Any CPU
		{4EF92A2C-CA79-453D-9774-07AA51B94A42}.Release|Any CPU.Build.0 = Release|Any CPU
		{D6521AC9-692A-46FE-98EC-9E8EFA9568B9}.Debug|Any CPU.ActiveCfg = Debug|Any CPU
		{D6521AC9-692A-46FE-98EC-9E8EFA9568B9}.Debug|Any CPU.Build.0 = Debug|Any CPU
		{D6521AC9-692A-46FE-98EC-9E8EFA9568B9}.Release|Any CPU.ActiveCfg = Release|Any CPU
		{D6521AC9-692A-46FE-98EC-9E8EFA9568B9}.Release|Any CPU.Build.0 = Release|Any CPU
		{2259CF5D-192E-4CF1-8A8F-752F5B3788A9}.Debug|Any CPU.ActiveCfg = Debug|Any CPU
		{2259CF5D-192E-4CF1-8A8F-752F5B3788A9}.Debug|Any CPU.Build.0 = Debug|Any CPU
		{2259CF5D-192E-4CF1-8A8F-752F5B3788A9}.Release|Any CPU.ActiveCfg = Release|Any CPU
		{2259CF5D-192E-4CF1-8A8F-752F5B3788A9}.Release|Any CPU.Build.0 = Release|Any CPU
	EndGlobalSection
	GlobalSection(SolutionProperties) = preSolution
		HideSolutionNode = FALSE
	EndGlobalSection
	GlobalSection(ExtensibilityGlobals) = postSolution
		SolutionGuid = {04DFA2B1-E9DA-49DE-B083-6D77C6565078}
		EnterpriseLibraryConfigurationToolBinariesPath = packages\Unity.2.1.505.0\lib\NET35
	EndGlobalSection
	GlobalSection(TeamFoundationVersionControl) = preSolution
		SccNumberOfProjects = 1
		SccEnterpriseProvider = {4CA58AB2-18FA-4F8D-95D4-32DDF27D184C}
		SccTeamFoundationServer = http://titan:8080/tfs/defaultcollection
		SccProjectUniqueName0 = AutomatskiPDFWebApi\\AutomatskiPDFWebApi.csproj
		SccProjectName0 = AutomatskiPDFWebApi
		SccAuxPath0 = http://titan:8080/tfs/defaultcollection
		SccLocalPath0 = AutomatskiPDFWebApi
		SccProvider0 = {4CA58AB2-18FA-4F8D-95D4-32DDF27D184C}
	EndGlobalSection
EndGlobal
